{
  "name": "Magic-Mirror-Module-Callmonitor",
  "version": "2.0.0",
  "lockfileVersion": 2,
  "requires": true,
  "packages": {
    "": {
      "name": "Magic-Mirror-Module-Callmonitor",
      "version": "2.0.0",
      "license": "MIT",
      "dependencies": {
        "node-fritzbox-callmonitor": "latest",
        "phone-formatter": "latest",
        "python-shell": "latest",
        "vcard-json": "latest",
        "xml2js": "latest"
      }
    },
    "node_modules/node-fritzbox-callmonitor": {
      "version": "1.1.0",
      "resolved": "https://registry.npmjs.org/node-fritzbox-callmonitor/-/node-fritzbox-callmonitor-1.1.0.tgz",
      "integrity": "sha512-4xoqrsYfzupUjT/GNkEXCJGeXfFVit4CxdToEvCbNA5UtRbR5BJEn+/TQlMXEUJCky71MmnxOUjDUHoMIdyD7w==",
      "engines": {
        "node": "*"
      }
    },
    "node_modules/phone-formatter": {
      "version": "0.0.2",
      "resolved": "https://registry.npmjs.org/phone-formatter/-/phone-formatter-0.0.2.tgz",
      "integrity": "sha512-NO5rFP02TnDAHJWqF6J3cxAwxdPi6eIqOIW21Bt0QypyLOV7nZ6FfZ8I35qDr7LCKTEtB9hSrx1ynJkV5S1TJw==",
      "engines": {
        "node": ">= 0.6.0"
      }
    },
    "node_modules/python-shell": {
      "version": "3.0.1",
      "resolved": "https://registry.npmjs.org/python-shell/-/python-shell-3.0.1.tgz",
      "integrity": "sha512-TWeotuxe1auhXa5bGRScxnc2J+0r41NBntSa6RYZtMBLtAEsvCboKrEbW6DvASosWQepVkhZZlT3B5Ei766G+Q==",
      "engines": {
        "node": ">=0.10"
      }
    },
    "node_modules/sax": {
      "version": "1.2.4",
      "resolved": "https://registry.npmjs.org/sax/-/sax-1.2.4.tgz",
      "integrity": "sha512-NqVDv9TpANUjFm0N8uM5GxL36UgKi9/atZw+x7YFnQ8ckwFGKrl4xX4yWtrey3UJm5nP1kUbnYgLopqWNSRhWw=="
    },
    "node_modules/sprintf-js": {
      "version": "1.1.2",
      "resolved": "https://registry.npmjs.org/sprintf-js/-/sprintf-js-1.1.2.tgz",
      "integrity": "sha512-VE0SOVEHCk7Qc8ulkWw3ntAzXuqf7S2lvwQaDLRnUeIEaKNQJzV6BwmLKhOqT61aGhfUMrXeaBk+oDGCzvhcug=="
    },
    "node_modules/underscore": {
      "version": "1.13.6",
      "resolved": "https://registry.npmjs.org/underscore/-/underscore-1.13.6.tgz",
      "integrity": "sha512-+A5Sja4HP1M08MaXya7p5LvjuM7K6q/2EaC0+iovj/wOcMsTzMvDFbasi/oSapiwOlt252IqsKqPjCl7huKS0A=="
    },
    "node_modules/underscore.string": {
      "version": "3.3.6",
      "resolved": "https://registry.npmjs.org/underscore.string/-/underscore.string-3.3.6.tgz",
      "integrity": "sha512-VoC83HWXmCrF6rgkyxS9GHv8W9Q5nhMKho+OadDJGzL2oDYbYEppBaCMH6pFlwLeqj2QS+hhkw2kpXkSdD1JxQ==",
      "dependencies": {
        "sprintf-js": "^1.1.1",
        "util-deprecate": "^1.0.2"
      },
      "engines": {
        "node": "*"
      }
    },
    "node_modules/util-deprecate": {
      "version": "1.0.2",
      "resolved": "https://registry.npmjs.org/util-deprecate/-/util-deprecate-1.0.2.tgz",
      "integrity": "sha512-EPD5q1uXyFxJpCrLnCc1nHnq3gOa6DZBocAIiI2TaSCA7VCJ1UJDMagCzIkXNsUYfD1daK//LTEQ8xiIbrHtcw=="
    },
    "node_modules/vcard-json": {
      "version": "0.5.2",
      "resolved": "https://registry.npmjs.org/vcard-json/-/vcard-json-0.5.2.tgz",
      "integrity": "sha512-YWwXGia6PCypR5uMCGEXMvaOrpIQTKn48UfuiWHYl672LOPtcOtgGrTpkfvW30RrDDKgJVjfA0iQ0Zk2WodRkQ==",
      "dependencies": {
        "underscore": "^1.8.2",
        "underscore.string": "^3.0.3"
      }
    },
    "node_modules/xml2js": {
      "version": "0.4.23",
      "resolved": "https://registry.npmjs.org/xml2js/-/xml2js-0.4.23.tgz",
      "integrity": "sha512-ySPiMjM0+pLDftHgXY4By0uswI3SPKLDw/i3UXbnO8M/p28zqexCUoPmQFrYD+/1BzhGJSs2i1ERWKJAtiLrug==",
      "dependencies": {
        "sax": ">=0.6.0",
        "xmlbuilder": "~11.0.0"
      },
      "engines": {
        "node": ">=4.0.0"
      }
    },
    "node_modules/xmlbuilder": {
      "version": "11.0.1",
      "resolved": "https://registry.npmjs.org/xmlbuilder/-/xmlbuilder-11.0.1.tgz",
      "integrity": "sha512-fDlsI/kFEx7gLvbecc0/ohLG50fugQp8ryHzMTuW9vSa1GJ0XYWKnhsUx7oie3G98+r56aTQIUB4kht42R3JvA==",
      "engines": {
        "node": ">=4.0"
      }
    }
  },
  "dependencies": {
    "node-fritzbox-callmonitor": {
      "version": "1.1.0",
      "resolved": "https://registry.npmjs.org/node-fritzbox-callmonitor/-/node-fritzbox-callmonitor-1.1.0.tgz",
      "integrity": "sha512-4xoqrsYfzupUjT/GNkEXCJGeXfFVit4CxdToEvCbNA5UtRbR5BJEn+/TQlMXEUJCky71MmnxOUjDUHoMIdyD7w=="
    },
    "phone-formatter": {
      "version": "0.0.2",
      "resolved": "https://registry.npmjs.org/phone-formatter/-/phone-formatter-0.0.2.tgz",
      "integrity": "sha512-NO5rFP02TnDAHJWqF6J3cxAwxdPi6eIqOIW21Bt0QypyLOV7nZ6FfZ8I35qDr7LCKTEtB9hSrx1ynJkV5S1TJw=="
    },
    "python-shell": {
      "version": "3.0.1",
      "resolved": "https://registry.npmjs.org/python-shell/-/python-shell-3.0.1.tgz",
      "integrity": "sha512-TWeotuxe1auhXa5bGRScxnc2J+0r41NBntSa6RYZtMBLtAEsvCboKrEbW6DvASosWQepVkhZZlT3B5Ei766G+Q=="
    },
    "sax": {
      "version": "1.2.4",
      "resolved": "https://registry.npmjs.org/sax/-/sax-1.2.4.tgz",
      "integrity": "sha512-NqVDv9TpANUjFm0N8uM5GxL36UgKi9/atZw+x7YFnQ8ckwFGKrl4xX4yWtrey3UJm5nP1kUbnYgLopqWNSRhWw=="
    },
    "sprintf-js": {
      "version": "1.1.2",
      "resolved": "https://registry.npmjs.org/sprintf-js/-/sprintf-js-1.1.2.tgz",
      "integrity": "sha512-VE0SOVEHCk7Qc8ulkWw3ntAzXuqf7S2lvwQaDLRnUeIEaKNQJzV6BwmLKhOqT61aGhfUMrXeaBk+oDGCzvhcug=="
    },
    "underscore": {
      "version": "1.13.6",
      "resolved": "https://registry.npmjs.org/underscore/-/underscore-1.13.6.tgz",
      "integrity": "sha512-+A5Sja4HP1M08MaXya7p5LvjuM7K6q/2EaC0+iovj/wOcMsTzMvDFbasi/oSapiwOlt252IqsKqPjCl7huKS0A=="
    },
    "underscore.string": {
      "version": "3.3.6",
      "resolved": "https://registry.npmjs.org/underscore.string/-/underscore.string-3.3.6.tgz",
      "integrity": "sha512-VoC83HWXmCrF6rgkyxS9GHv8W9Q5nhMKho+OadDJGzL2oDYbYEppBaCMH6pFlwLeqj2QS+hhkw2kpXkSdD1JxQ==",
      "requires": {
        "sprintf-js": "^1.1.1",
        "util-deprecate": "^1.0.2"
      }
    },
    "util-deprecate": {
      "version": "1.0.2",
      "resolved": "https://registry.npmjs.org/util-deprecate/-/util-deprecate-1.0.2.tgz",
      "integrity": "sha512-EPD5q1uXyFxJpCrLnCc1nHnq3gOa6DZBocAIiI2TaSCA7VCJ1UJDMagCzIkXNsUYfD1daK//LTEQ8xiIbrHtcw=="
    },
    "vcard-json": {
      "version": "0.5.2",
      "resolved": "https://registry.npmjs.org/vcard-json/-/vcard-json-0.5.2.tgz",
      "integrity": "sha512-YWwXGia6PCypR5uMCGEXMvaOrpIQTKn48UfuiWHYl672LOPtcOtgGrTpkfvW30RrDDKgJVjfA0iQ0Zk2WodRkQ==",
      "requires": {
        "underscore": "^1.8.2",
        "underscore.string": "^3.0.3"
      }
    },
    "xml2js": {
      "version": "0.4.23",
      "resolved": "https://registry.npmjs.org/xml2js/-/xml2js-0.4.23.tgz",
      "integrity": "sha512-ySPiMjM0+pLDftHgXY4By0uswI3SPKLDw/i3UXbnO8M/p28zqexCUoPmQFrYD+/1BzhGJSs2i1ERWKJAtiLrug==",
      "requires": {
        "sax": ">=0.6.0",
        "xmlbuilder": "~11.0.0"
      }
    },
    "xmlbuilder": {
      "version": "11.0.1",
      "resolved": "https://registry.npmjs.org/xmlbuilder/-/xmlbuilder-11.0.1.tgz",
      "integrity": "sha512-fDlsI/kFEx7gLvbecc0/ohLG50fugQp8ryHzMTuW9vSa1GJ0XYWKnhsUx7oie3G98+r56aTQIUB4kht42R3JvA=="
    }
  }
}
